
Microsoft Visual Studio Solution File, Format Version 12.00
# Visual Studio Version 17
VisualStudioVersion = 17.8.34330.188
MinimumVisualStudioVersion = 10.0.40219.1
Project("{E24C65DC-7377-472B-9ABA-BC803B73C61A}") = "Programming", "http://localhost:60699", "{552BB204-EA63-4BB2-84EA-59FC514485E1}"
	ProjectSection(WebsiteProperties) = preProject
		UseIISExpress = "true"
		TargetFrameworkMoniker = ".NETFramework,Version%3Dv4.8.1"
		Debug.AspNetCompiler.VirtualPath = "/localhost_60699"
		Debug.AspNetCompiler.PhysicalPath = "..\Programming\"
		Debug.AspNetCompiler.TargetPath = "PrecompiledWeb\localhost_60699\"
		Debug.AspNetCompiler.Updateable = "true"
		Debug.AspNetCompiler.ForceOverwrite = "true"
		Debug.AspNetCompiler.FixedNames = "false"
		Debug.AspNetCompiler.Debug = "True"
		Release.AspNetCompiler.VirtualPath = "/localhost_60699"
		Release.AspNetCompiler.PhysicalPath = "..\Programming\"
		Release.AspNetCompiler.TargetPath = "PrecompiledWeb\localhost_60699\"
		Release.AspNetCompiler.Updateable = "true"
		Release.AspNetCompiler.ForceOverwrite = "true"
		Release.AspNetCompiler.FixedNames = "false"
		Release.AspNetCompiler.Debug = "False"
		SlnRelativePath = "..\Programming\"
	EndProjectSection
EndProject
Global
	GlobalSection(SolutionConfigurationPlatforms) = preSolution
		Debug|Any CPU = Debug|Any CPU
	EndGlobalSection
	GlobalSection(ProjectConfigurationPlatforms) = postSolution
		{552BB204-EA63-4BB2-84EA-59FC514485E1}.Debug|Any CPU.ActiveCfg = Debug|Any CPU
		{552BB204-EA63-4BB2-84EA-59FC514485E1}.Debug|Any CPU.Build.0 = Debug|Any CPU
	EndGlobalSection
	GlobalSection(SolutionProperties) = preSolution
		HideSolutionNode = FALSE
	EndGlobalSection
	GlobalSection(ExtensibilityGlobals) = postSolution
		SolutionGuid = {626445AF-405E-4348-B062-5F12E4BBC079}
	EndGlobalSection
EndGlobal
